
Microsoft Visual Studio Solution File, Format Version 12.00
# Visual Studio Version 16
VisualStudioVersion = 16.0.31613.86
MinimumVisualStudioVersion = 10.0.40219.1
Project("{9A19103F-16F7-4668-BE54-9A1E7A4F7556}") = "RazorPagesExercises", "RazorPagesExercises\RazorPagesExercises.csproj", "{C5A7CE7D-ECF6-4429-8036-5441F0A2C53C}"
EndProject
Global
	GlobalSection(SolutionConfigurationPlatforms) = preSolution
		Debug|Any CPU = Debug|Any CPU
		Release|Any CPU = Release|Any CPU
	EndGlobalSection
	GlobalSection(ProjectConfigurationPlatforms) = postSolution
		{C5A7CE7D-ECF6-4429-8036-5441F0A2C53C}.Debug|Any CPU.ActiveCfg = Debug|Any CPU
		{C5A7CE7D-ECF6-4429-8036-5441F0A2C53C}.Debug|Any CPU.Build.0 = Debug|Any CPU
		{C5A7CE7D-ECF6-4429-8036-5441F0A2C53C}.Release|Any CPU.ActiveCfg = Release|Any CPU
		{C5A7CE7D-ECF6-4429-8036-5441F0A2C53C}.Release|Any CPU.Build.0 = Release|Any CPU
	EndGlobalSection
	GlobalSection(SolutionProperties) = preSolution
		HideSolutionNode = FALSE
	EndGlobalSection
	GlobalSection(ExtensibilityGlobals) = postSolution
		SolutionGuid = {0B44F03D-E5C3-4F79-A76A-E14318B7FA47}
	EndGlobalSection
EndGlobal
